
Microsoft Visual Studio Solution File, Format Version 12.00
# Visual Studio 15
Project("{FAE04EC0-301F-11D3-BF4B-00C04F79EFBC}") = "Assembly-CSharp", "Assembly-CSharp.csproj", "{15B86144-8D1A-897F-3730-9DDE27587C6F}"
EndProject
Project("{FAE04EC0-301F-11D3-BF4B-00C04F79EFBC}") = "CFXRDemo", "CFXRDemo.csproj", "{0D82D6DC-A929-973D-0993-E3B97BCFFF75}"
EndProject
Project("{FAE04EC0-301F-11D3-BF4B-00C04F79EFBC}") = "CFXRRuntime", "CFXRRuntime.csproj", "{E6AC59B4-02F9-1745-AD0A-66AB8004DB63}"
EndProject
Project("{FAE04EC0-301F-11D3-BF4B-00C04F79EFBC}") = "KinoBloom.Runtime", "KinoBloom.Runtime.csproj", "{C3841CDA-761C-C026-970A-398D3D87468F}"
EndProject
Project("{FAE04EC0-301F-11D3-BF4B-00C04F79EFBC}") = "CFXREditor", "CFXREditor.csproj", "{E2068BFA-CF5E-C313-B659-F4A4D7BB2CEC}"
EndProject
Project("{FAE04EC0-301F-11D3-BF4B-00C04F79EFBC}") = "CFXR.WelcomeScreen", "CFXR.WelcomeScreen.csproj", "{9F8FBD89-4548-1E23-2D95-62099E2DF767}"
EndProject
Project("{FAE04EC0-301F-11D3-BF4B-00C04F79EFBC}") = "ToonyColorsPro.Demo.Editor", "ToonyColorsPro.Demo.Editor.csproj", "{0A6A9A48-C91B-5118-629D-BB78B9450B33}"
EndProject
Global
	GlobalSection(SolutionConfigurationPlatforms) = preSolution
		Debug|Any CPU = Debug|Any CPU
		Release|Any CPU = Release|Any CPU
	EndGlobalSection
	GlobalSection(ProjectConfigurationPlatforms) = postSolution
		{15B86144-8D1A-897F-3730-9DDE27587C6F}.Debug|Any CPU.ActiveCfg = Debug|Any CPU
		{15B86144-8D1A-897F-3730-9DDE27587C6F}.Debug|Any CPU.Build.0 = Debug|Any CPU
		{15B86144-8D1A-897F-3730-9DDE27587C6F}.Release|Any CPU.ActiveCfg = Release|Any CPU
		{15B86144-8D1A-897F-3730-9DDE27587C6F}.Release|Any CPU.Build.0 = Release|Any CPU
		{0D82D6DC-A929-973D-0993-E3B97BCFFF75}.Debug|Any CPU.ActiveCfg = Debug|Any CPU
		{0D82D6DC-A929-973D-0993-E3B97BCFFF75}.Debug|Any CPU.Build.0 = Debug|Any CPU
		{0D82D6DC-A929-973D-0993-E3B97BCFFF75}.Release|Any CPU.ActiveCfg = Release|Any CPU
		{0D82D6DC-A929-973D-0993-E3B97BCFFF75}.Release|Any CPU.Build.0 = Release|Any CPU
		{E6AC59B4-02F9-1745-AD0A-66AB8004DB63}.Debug|Any CPU.ActiveCfg = Debug|Any CPU
		{E6AC59B4-02F9-1745-AD0A-66AB8004DB63}.Debug|Any CPU.Build.0 = Debug|Any CPU
		{E6AC59B4-02F9-1745-AD0A-66AB8004DB63}.Release|Any CPU.ActiveCfg = Release|Any CPU
		{E6AC59B4-02F9-1745-AD0A-66AB8004DB63}.Release|Any CPU.Build.0 = Release|Any CPU
		{C3841CDA-761C-C026-970A-398D3D87468F}.Debug|Any CPU.ActiveCfg = Debug|Any CPU
		{C3841CDA-761C-C026-970A-398D3D87468F}.Debug|Any CPU.Build.0 = Debug|Any CPU
		{C3841CDA-761C-C026-970A-398D3D87468F}.Release|Any CPU.ActiveCfg = Release|Any CPU
		{C3841CDA-761C-C026-970A-398D3D87468F}.Release|Any CPU.Build.0 = Release|Any CPU
		{E2068BFA-CF5E-C313-B659-F4A4D7BB2CEC}.Debug|Any CPU.ActiveCfg = Debug|Any CPU
		{E2068BFA-CF5E-C313-B659-F4A4D7BB2CEC}.Debug|Any CPU.Build.0 = Debug|Any CPU
		{E2068BFA-CF5E-C313-B659-F4A4D7BB2CEC}.Release|Any CPU.ActiveCfg = Release|Any CPU
		{E2068BFA-CF5E-C313-B659-F4A4D7BB2CEC}.Release|Any CPU.Build.0 = Release|Any CPU
		{9F8FBD89-4548-1E23-2D95-62099E2DF767}.Debug|Any CPU.ActiveCfg = Debug|Any CPU
		{9F8FBD89-4548-1E23-2D95-62099E2DF767}.Debug|Any CPU.Build.0 = Debug|Any CPU
		{9F8FBD89-4548-1E23-2D95-62099E2DF767}.Release|Any CPU.ActiveCfg = Release|Any CPU
		{9F8FBD89-4548-1E23-2D95-62099E2DF767}.Release|Any CPU.Build.0 = Release|Any CPU
		{0A6A9A48-C91B-5118-629D-BB78B9450B33}.Debug|Any CPU.ActiveCfg = Debug|Any CPU
		{0A6A9A48-C91B-5118-629D-BB78B9450B33}.Debug|Any CPU.Build.0 = Debug|Any CPU
		{0A6A9A48-C91B-5118-629D-BB78B9450B33}.Release|Any CPU.ActiveCfg = Release|Any CPU
		{0A6A9A48-C91B-5118-629D-BB78B9450B33}.Release|Any CPU.Build.0 = Release|Any CPU
	EndGlobalSection
	GlobalSection(SolutionProperties) = preSolution
		HideSolutionNode = FALSE
	EndGlobalSection
EndGlobal
